
Microsoft Visual Studio Solution File, Format Version 12.00
Project("{FAE04EC0-301F-11D3-BF4B-00C04F79EFBC}") = "Sketchup2GTA", "Sketchup2GTA\Sketchup2GTA.csproj", "{A023A3A9-1B2C-403D-8BA8-DFECEE562B8E}"
EndProject
Global
	GlobalSection(SolutionConfigurationPlatforms) = preSolution
		Debug|Any CPU = Debug|Any CPU
		Release|Any CPU = Release|Any CPU
	EndGlobalSection
	GlobalSection(ProjectConfigurationPlatforms) = postSolution
		{A023A3A9-1B2C-403D-8BA8-DFECEE562B8E}.Debug|Any CPU.ActiveCfg = Debug|Any CPU
		{A023A3A9-1B2C-403D-8BA8-DFECEE562B8E}.Debug|Any CPU.Build.0 = Debug|Any CPU
		{A023A3A9-1B2C-403D-8BA8-DFECEE562B8E}.Release|Any CPU.ActiveCfg = Release|Any CPU
		{A023A3A9-1B2C-403D-8BA8-DFECEE562B8E}.Release|Any CPU.Build.0 = Release|Any CPU
	EndGlobalSection
EndGlobal
